
Microsoft Visual Studio Solution File, Format Version 12.00
# Visual Studio Version 17
VisualStudioVersion = 17.5.33424.131
MinimumVisualStudioVersion = 10.0.40219.1
Project("{FAE04EC0-301F-11D3-BF4B-00C04F79EFBC}") = "DelegatorButtonPrac", "DelegatorButtonPrac\DelegatorButtonPrac.csproj", "{104B5433-F643-47F5-8AE3-B2E553DE9F00}"
EndProject
Global
	GlobalSection(SolutionConfigurationPlatforms) = preSolution
		Debug|Any CPU = Debug|Any CPU
		Release|Any CPU = Release|Any CPU
	EndGlobalSection
	GlobalSection(ProjectConfigurationPlatforms) = postSolution
		{104B5433-F643-47F5-8AE3-B2E553DE9F00}.Debug|Any CPU.ActiveCfg = Debug|Any CPU
		{104B5433-F643-47F5-8AE3-B2E553DE9F00}.Debug|Any CPU.Build.0 = Debug|Any CPU
		{104B5433-F643-47F5-8AE3-B2E553DE9F00}.Release|Any CPU.ActiveCfg = Release|Any CPU
		{104B5433-F643-47F5-8AE3-B2E553DE9F00}.Release|Any CPU.Build.0 = Release|Any CPU
	EndGlobalSection
	GlobalSection(SolutionProperties) = preSolution
		HideSolutionNode = FALSE
	EndGlobalSection
	GlobalSection(ExtensibilityGlobals) = postSolution
		SolutionGuid = {A1F4D2F7-611C-4501-8F1B-616185B2D6FF}
	EndGlobalSection
EndGlobal
